
Microsoft Visual Studio Solution File, Format Version 12.00
# Visual Studio Version 17
VisualStudioVersion = 17.3.32922.545
MinimumVisualStudioVersion = 10.0.40219.1
Project("{FAE04EC0-301F-11D3-BF4B-00C04F79EFBC}") = "CardStorageSpike", "CardStorageSpike\CardStorageSpike.csproj", "{AC6523AE-2871-4F6D-A023-08E10718EB90}"
EndProject
Global
	GlobalSection(SolutionConfigurationPlatforms) = preSolution
		Debug|Any CPU = Debug|Any CPU
		Release|Any CPU = Release|Any CPU
	EndGlobalSection
	GlobalSection(ProjectConfigurationPlatforms) = postSolution
		{AC6523AE-2871-4F6D-A023-08E10718EB90}.Debug|Any CPU.ActiveCfg = Debug|Any CPU
		{AC6523AE-2871-4F6D-A023-08E10718EB90}.Debug|Any CPU.Build.0 = Debug|Any CPU
		{AC6523AE-2871-4F6D-A023-08E10718EB90}.Release|Any CPU.ActiveCfg = Release|Any CPU
		{AC6523AE-2871-4F6D-A023-08E10718EB90}.Release|Any CPU.Build.0 = Release|Any CPU
	EndGlobalSection
	GlobalSection(SolutionProperties) = preSolution
		HideSolutionNode = FALSE
	EndGlobalSection
	GlobalSection(ExtensibilityGlobals) = postSolution
		SolutionGuid = {A1AFECA1-1B86-4986-BB7A-05627EF928D3}
	EndGlobalSection
EndGlobal
